
Microsoft Visual Studio Solution File, Format Version 12.00
# Visual Studio Version 16
VisualStudioVersion = 16.0.30225.117
MinimumVisualStudioVersion = 10.0.40219.1
Project("{FAE04EC0-301F-11D3-BF4B-00C04F79EFBC}") = "01.SmallestofThreeNumbers", "01.SmallestofThreeNumbers\01.SmallestofThreeNumbers.csproj", "{C334B8B4-0891-4EC7-9AF7-3ED1B99A2A32}"
EndProject
Project("{FAE04EC0-301F-11D3-BF4B-00C04F79EFBC}") = "02.VowelsCount", "02.VowelsCount\02.VowelsCount.csproj", "{5200497F-B621-4989-AC8A-C7124ACB57D6}"
EndProject
Project("{FAE04EC0-301F-11D3-BF4B-00C04F79EFBC}") = "03.CharactersinRange", "03.CharactersinRange\03.CharactersinRange.csproj", "{CF872B9B-6D48-4422-9F83-A30497D7579F}"
EndProject
Project("{FAE04EC0-301F-11D3-BF4B-00C04F79EFBC}") = "04.PasswordValidator", "04.PasswordValidator\04.PasswordValidator.csproj", "{35CE9BEB-C48C-4901-BCAD-DE4F4D2F2D4E}"
EndProject
Project("{FAE04EC0-301F-11D3-BF4B-00C04F79EFBC}") = "05.AddandSubtract", "05.AddandSubtract\05.AddandSubtract.csproj", "{D9181B70-07A9-4E7B-9535-D540C806F009}"
EndProject
Project("{FAE04EC0-301F-11D3-BF4B-00C04F79EFBC}") = "06.MiddleCharacters", "06.MiddleCharacters\06.MiddleCharacters.csproj", "{4AB5E6B9-110D-49D0-B632-820642F600A2}"
EndProject
Project("{FAE04EC0-301F-11D3-BF4B-00C04F79EFBC}") = "07.NxNMatrix", "07.NxNMatrix\07.NxNMatrix.csproj", "{DB7D0042-CD08-4CC5-B944-C1B449FFFC69}"
EndProject
Project("{FAE04EC0-301F-11D3-BF4B-00C04F79EFBC}") = "08.FactorialDivision", "08.FactorialDivision\08.FactorialDivision.csproj", "{BC5FF9A0-B543-43C4-B1F0-E9BCCED409DF}"
EndProject
Project("{FAE04EC0-301F-11D3-BF4B-00C04F79EFBC}") = "09.PalindromeIntegers", "09.PalindromeIntegers\09.PalindromeIntegers.csproj", "{9BAB18C8-2EB1-4D78-9EF8-AC7CABA2D7C6}"
EndProject
Project("{FAE04EC0-301F-11D3-BF4B-00C04F79EFBC}") = "10.TopNumber", "10.TopNumber\10.TopNumber.csproj", "{E95AE200-6FB3-4381-971A-EE825FF6CBF6}"
EndProject
Global
	GlobalSection(SolutionConfigurationPlatforms) = preSolution
		Debug|Any CPU = Debug|Any CPU
		Release|Any CPU = Release|Any CPU
	EndGlobalSection
	GlobalSection(ProjectConfigurationPlatforms) = postSolution
		{C334B8B4-0891-4EC7-9AF7-3ED1B99A2A32}.Debug|Any CPU.ActiveCfg = Debug|Any CPU
		{C334B8B4-0891-4EC7-9AF7-3ED1B99A2A32}.Debug|Any CPU.Build.0 = Debug|Any CPU
		{C334B8B4-0891-4EC7-9AF7-3ED1B99A2A32}.Release|Any CPU.ActiveCfg = Release|Any CPU
		{C334B8B4-0891-4EC7-9AF7-3ED1B99A2A32}.Release|Any CPU.Build.0 = Release|Any CPU
		{5200497F-B621-4989-AC8A-C7124ACB57D6}.Debug|Any CPU.ActiveCfg = Debug|Any CPU
		{5200497F-B621-4989-AC8A-C7124ACB57D6}.Debug|Any CPU.Build.0 = Debug|Any CPU
		{5200497F-B621-4989-AC8A-C7124ACB57D6}.Release|Any CPU.ActiveCfg = Release|Any CPU
		{5200497F-B621-4989-AC8A-C7124ACB57D6}.Release|Any CPU.Build.0 = Release|Any CPU
		{CF872B9B-6D48-4422-9F83-A30497D7579F}.Debug|Any CPU.ActiveCfg = Debug|Any CPU
		{CF872B9B-6D48-4422-9F83-A30497D7579F}.Debug|Any CPU.Build.0 = Debug|Any CPU
		{CF872B9B-6D48-4422-9F83-A30497D7579F}.Release|Any CPU.ActiveCfg = Release|Any CPU
		{CF872B9B-6D48-4422-9F83-A30497D7579F}.Release|Any CPU.Build.0 = Release|Any CPU
		{35CE9BEB-C48C-4901-BCAD-DE4F4D2F2D4E}.Debug|Any CPU.ActiveCfg = Debug|Any CPU
		{35CE9BEB-C48C-4901-BCAD-DE4F4D2F2D4E}.Debug|Any CPU.Build.0 = Debug|Any CPU
		{35CE9BEB-C48C-4901-BCAD-DE4F4D2F2D4E}.Release|Any CPU.ActiveCfg = Release|Any CPU
		{35CE9BEB-C48C-4901-BCAD-DE4F4D2F2D4E}.Release|Any CPU.Build.0 = Release|Any CPU
		{D9181B70-07A9-4E7B-9535-D540C806F009}.Debug|Any CPU.ActiveCfg = Debug|Any CPU
		{D9181B70-07A9-4E7B-9535-D540C806F009}.Debug|Any CPU.Build.0 = Debug|Any CPU
		{D9181B70-07A9-4E7B-9535-D540C806F009}.Release|Any CPU.ActiveCfg = Release|Any CPU
		{D9181B70-07A9-4E7B-9535-D540C806F009}.Release|Any CPU.Build.0 = Release|Any CPU
		{4AB5E6B9-110D-49D0-B632-820642F600A2}.Debug|Any CPU.ActiveCfg = Debug|Any CPU
		{4AB5E6B9-110D-49D0-B632-820642F600A2}.Debug|Any CPU.Build.0 = Debug|Any CPU
		{4AB5E6B9-110D-49D0-B632-820642F600A2}.Release|Any CPU.ActiveCfg = Release|Any CPU
		{4AB5E6B9-110D-49D0-B632-820642F600A2}.Release|Any CPU.Build.0 = Release|Any CPU
		{DB7D0042-CD08-4CC5-B944-C1B449FFFC69}.Debug|Any CPU.ActiveCfg = Debug|Any CPU
		{DB7D0042-CD08-4CC5-B944-C1B449FFFC69}.Debug|Any CPU.Build.0 = Debug|Any CPU
		{DB7D0042-CD08-4CC5-B944-C1B449FFFC69}.Release|Any CPU.ActiveCfg = Release|Any CPU
		{DB7D0042-CD08-4CC5-B944-C1B449FFFC69}.Release|Any CPU.Build.0 = Release|Any CPU
		{BC5FF9A0-B543-43C4-B1F0-E9BCCED409DF}.Debug|Any CPU.ActiveCfg = Debug|Any CPU
		{BC5FF9A0-B543-43C4-B1F0-E9BCCED409DF}.Debug|Any CPU.Build.0 = Debug|Any CPU
		{BC5FF9A0-B543-43C4-B1F0-E9BCCED409DF}.Release|Any CPU.ActiveCfg = Release|Any CPU
		{BC5FF9A0-B543-43C4-B1F0-E9BCCED409DF}.Release|Any CPU.Build.0 = Release|Any CPU
		{9BAB18C8-2EB1-4D78-9EF8-AC7CABA2D7C6}.Debug|Any CPU.ActiveCfg = Debug|Any CPU
		{9BAB18C8-2EB1-4D78-9EF8-AC7CABA2D7C6}.Debug|Any CPU.Build.0 = Debug|Any CPU
		{9BAB18C8-2EB1-4D78-9EF8-AC7CABA2D7C6}.Release|Any CPU.ActiveCfg = Release|Any CPU
		{9BAB18C8-2EB1-4D78-9EF8-AC7CABA2D7C6}.Release|Any CPU.Build.0 = Release|Any CPU
		{E95AE200-6FB3-4381-971A-EE825FF6CBF6}.Debug|Any CPU.ActiveCfg = Debug|Any CPU
		{E95AE200-6FB3-4381-971A-EE825FF6CBF6}.Debug|Any CPU.Build.0 = Debug|Any CPU
		{E95AE200-6FB3-4381-971A-EE825FF6CBF6}.Release|Any CPU.ActiveCfg = Release|Any CPU
		{E95AE200-6FB3-4381-971A-EE825FF6CBF6}.Release|Any CPU.Build.0 = Release|Any CPU
	EndGlobalSection
	GlobalSection(SolutionProperties) = preSolution
		HideSolutionNode = FALSE
	EndGlobalSection
	GlobalSection(ExtensibilityGlobals) = postSolution
		SolutionGuid = {BC5C9025-6865-4BC4-9630-CB4C5D43E03C}
	EndGlobalSection
EndGlobal
