
Microsoft Visual Studio Solution File, Format Version 12.00
# Visual Studio Version 16
VisualStudioVersion = 16.0.30225.117
MinimumVisualStudioVersion = 10.0.40219.1
Project("{FAE04EC0-301F-11D3-BF4B-00C04F79EFBC}") = "01.SoftUniReception", "01.SoftUniReception\01.SoftUniReception.csproj", "{F61313FF-0DBE-4BEE-A683-152FE1AED928}"
EndProject
Project("{FAE04EC0-301F-11D3-BF4B-00C04F79EFBC}") = "02.ArrayModifier", "02.ArrayModifier\02.ArrayModifier.csproj", "{3D724FDB-AD8D-4286-A8A2-48CFD6B0A884}"
EndProject
Project("{FAE04EC0-301F-11D3-BF4B-00C04F79EFBC}") = "03.Numbers", "03.Numbers\03.Numbers.csproj", "{BE86E687-AC9E-4B98-867A-78F8E3903BD7}"
EndProject
Global
	GlobalSection(SolutionConfigurationPlatforms) = preSolution
		Debug|Any CPU = Debug|Any CPU
		Release|Any CPU = Release|Any CPU
	EndGlobalSection
	GlobalSection(ProjectConfigurationPlatforms) = postSolution
		{F61313FF-0DBE-4BEE-A683-152FE1AED928}.Debug|Any CPU.ActiveCfg = Debug|Any CPU
		{F61313FF-0DBE-4BEE-A683-152FE1AED928}.Debug|Any CPU.Build.0 = Debug|Any CPU
		{F61313FF-0DBE-4BEE-A683-152FE1AED928}.Release|Any CPU.ActiveCfg = Release|Any CPU
		{F61313FF-0DBE-4BEE-A683-152FE1AED928}.Release|Any CPU.Build.0 = Release|Any CPU
		{3D724FDB-AD8D-4286-A8A2-48CFD6B0A884}.Debug|Any CPU.ActiveCfg = Debug|Any CPU
		{3D724FDB-AD8D-4286-A8A2-48CFD6B0A884}.Debug|Any CPU.Build.0 = Debug|Any CPU
		{3D724FDB-AD8D-4286-A8A2-48CFD6B0A884}.Release|Any CPU.ActiveCfg = Release|Any CPU
		{3D724FDB-AD8D-4286-A8A2-48CFD6B0A884}.Release|Any CPU.Build.0 = Release|Any CPU
		{BE86E687-AC9E-4B98-867A-78F8E3903BD7}.Debug|Any CPU.ActiveCfg = Debug|Any CPU
		{BE86E687-AC9E-4B98-867A-78F8E3903BD7}.Debug|Any CPU.Build.0 = Debug|Any CPU
		{BE86E687-AC9E-4B98-867A-78F8E3903BD7}.Release|Any CPU.ActiveCfg = Release|Any CPU
		{BE86E687-AC9E-4B98-867A-78F8E3903BD7}.Release|Any CPU.Build.0 = Release|Any CPU
	EndGlobalSection
	GlobalSection(SolutionProperties) = preSolution
		HideSolutionNode = FALSE
	EndGlobalSection
	GlobalSection(ExtensibilityGlobals) = postSolution
		SolutionGuid = {FBB40F9B-FCB1-4874-B4D9-CFCD14EBDE6D}
	EndGlobalSection
EndGlobal
