
Microsoft Visual Studio Solution File, Format Version 12.00
# Visual Studio Version 16
VisualStudioVersion = 16.0.30225.117
MinimumVisualStudioVersion = 10.0.40219.1
Project("{9A19103F-16F7-4668-BE54-9A1E7A4F7556}") = "01.AdvertisementMessage", "01.AdvertisementMessage\01.AdvertisementMessage.csproj", "{31602B23-F6B0-467C-A8C2-FB966390E651}"
EndProject
Project("{FAE04EC0-301F-11D3-BF4B-00C04F79EFBC}") = "02.Articles", "02.Articles\02.Articles.csproj", "{235D69AF-6339-45B4-8661-115551079E69}"
EndProject
Project("{FAE04EC0-301F-11D3-BF4B-00C04F79EFBC}") = "03.Articles2.0", "03.Articles2.0\03.Articles2.0.csproj", "{7103E5D0-F089-44D6-9027-0D6A98F7E250}"
EndProject
Global
	GlobalSection(SolutionConfigurationPlatforms) = preSolution
		Debug|Any CPU = Debug|Any CPU
		Release|Any CPU = Release|Any CPU
	EndGlobalSection
	GlobalSection(ProjectConfigurationPlatforms) = postSolution
		{31602B23-F6B0-467C-A8C2-FB966390E651}.Debug|Any CPU.ActiveCfg = Debug|Any CPU
		{31602B23-F6B0-467C-A8C2-FB966390E651}.Debug|Any CPU.Build.0 = Debug|Any CPU
		{31602B23-F6B0-467C-A8C2-FB966390E651}.Release|Any CPU.ActiveCfg = Release|Any CPU
		{31602B23-F6B0-467C-A8C2-FB966390E651}.Release|Any CPU.Build.0 = Release|Any CPU
		{235D69AF-6339-45B4-8661-115551079E69}.Debug|Any CPU.ActiveCfg = Debug|Any CPU
		{235D69AF-6339-45B4-8661-115551079E69}.Debug|Any CPU.Build.0 = Debug|Any CPU
		{235D69AF-6339-45B4-8661-115551079E69}.Release|Any CPU.ActiveCfg = Release|Any CPU
		{235D69AF-6339-45B4-8661-115551079E69}.Release|Any CPU.Build.0 = Release|Any CPU
		{7103E5D0-F089-44D6-9027-0D6A98F7E250}.Debug|Any CPU.ActiveCfg = Debug|Any CPU
		{7103E5D0-F089-44D6-9027-0D6A98F7E250}.Debug|Any CPU.Build.0 = Debug|Any CPU
		{7103E5D0-F089-44D6-9027-0D6A98F7E250}.Release|Any CPU.ActiveCfg = Release|Any CPU
		{7103E5D0-F089-44D6-9027-0D6A98F7E250}.Release|Any CPU.Build.0 = Release|Any CPU
	EndGlobalSection
	GlobalSection(SolutionProperties) = preSolution
		HideSolutionNode = FALSE
	EndGlobalSection
	GlobalSection(ExtensibilityGlobals) = postSolution
		SolutionGuid = {7DB6AEF2-D30B-4253-8D95-6111D8D8B6F9}
	EndGlobalSection
EndGlobal
