
Microsoft Visual Studio Solution File, Format Version 12.00
# Visual Studio Version 16
VisualStudioVersion = 16.0.30225.117
MinimumVisualStudioVersion = 10.0.40219.1
Project("{9A19103F-16F7-4668-BE54-9A1E7A4F7556}") = "2020.04.04_01. Activation Keys", "2020.04.04_01. Activation Keys\2020.04.04_01. Activation Keys.csproj", "{A2E35FC2-8BAD-4CDB-94A8-211333D1EC91}"
EndProject
Project("{9A19103F-16F7-4668-BE54-9A1E7A4F7556}") = "2020.04.04_02.EmojyDetector", "2020.04.04_02.EmojyDetector\2020.04.04_02.EmojyDetector.csproj", "{C95EB541-DEB6-4CB9-BD87-BAEC92ADFFC1}"
EndProject
Project("{9A19103F-16F7-4668-BE54-9A1E7A4F7556}") = "2020.04.04_03. P!rates", "2020.04.04_03. P!rates\2020.04.04_03. P!rates.csproj", "{823842D2-4987-4FD6-BA38-3A2C08524DC8}"
EndProject
Project("{9A19103F-16F7-4668-BE54-9A1E7A4F7556}") = "2020.04.04_01.PasswordReset", "2020.04.04_01.PasswordReset\2020.04.04_01.PasswordReset.csproj", "{9FDCA6CC-4F1A-4B89-972F-FA84ED2B7AEF}"
EndProject
Project("{9A19103F-16F7-4668-BE54-9A1E7A4F7556}") = "2020.04.04_02. FancyBarcodes", "2020.04.04_02. FancyBarcodes\2020.04.04_02. FancyBarcodes.csproj", "{0E69737E-7DDC-438F-9712-4E8A8E443614}"
EndProject
Project("{9A19103F-16F7-4668-BE54-9A1E7A4F7556}") = "2020.04.04_03.HeroesofCodeandLogicVII", "2020.04.04_03.HeroesofCodeandLogicVII\2020.04.04_03.HeroesofCodeandLogicVII.csproj", "{823ABA46-3A3D-4ACF-A9E7-7EB1CEF7B3C1}"
EndProject
Project("{9A19103F-16F7-4668-BE54-9A1E7A4F7556}") = "2020.04.10_01.SecretChat", "2020.04.10_01.SecretChat\2020.04.10_01.SecretChat.csproj", "{79F526A3-C670-4581-A5B9-C8E05B2D0117}"
EndProject
Project("{9A19103F-16F7-4668-BE54-9A1E7A4F7556}") = "2020.04.10_02.MirrorWords", "2020.04.10_02.MirrorWords\2020.04.10_02.MirrorWords.csproj", "{F6BBD36D-4FCF-450F-8296-15295B347C51}"
EndProject
Project("{9A19103F-16F7-4668-BE54-9A1E7A4F7556}") = "2020.04.10_03.NeedforSpeedIII", "2020.04.10_03.NeedforSpeedIII\2020.04.10_03.NeedforSpeedIII.csproj", "{C82ECD19-B4A7-4B8B-9D51-3AC8B328FAF1}"
EndProject
Project("{9A19103F-16F7-4668-BE54-9A1E7A4F7556}") = "07.09.ForceBook", "07.09.ForceBook\07.09.ForceBook.csproj", "{88070288-C2CC-4FDE-83B0-0ECB5921A511}"
EndProject
Project("{FAE04EC0-301F-11D3-BF4B-00C04F79EFBC}") = "08.ME.01.ExtractPersonInformation", "08.ME.01.ExtractPersonInformation\08.ME.01.ExtractPersonInformation.csproj", "{73AC8480-076B-4D19-B881-018D70D15DB9}"
EndProject
Project("{FAE04EC0-301F-11D3-BF4B-00C04F79EFBC}") = "09.ME.01.WinningTicket", "09.ME.01.WinningTicket\09.ME.01.WinningTicket.csproj", "{0CBB07A1-5419-4195-8AB3-17D4A7278CE9}"
EndProject
Project("{FAE04EC0-301F-11D3-BF4B-00C04F79EFBC}") = "09.ME.02.RageOut", "09.ME.02.RageOut\09.ME.02.RageOut.csproj", "{590EE1A9-AF37-4794-86B2-2BE8B96E937D}"
EndProject
Project("{FAE04EC0-301F-11D3-BF4B-00C04F79EFBC}") = "2020.08.09_01.WorldTour", "2020.08.09_01.WorldTour\2020.08.09_01.WorldTour.csproj", "{060AD208-5A88-40A2-808E-35C3FD746BB1}"
EndProject
Project("{FAE04EC0-301F-11D3-BF4B-00C04F79EFBC}") = "2020.08.09_02.DestinationMapper", "2020.08.09_02.DestinationMapper\2020.08.09_02.DestinationMapper.csproj", "{116DC58F-CDC8-48BF-A69C-A43F04610A3F}"
EndProject
Project("{FAE04EC0-301F-11D3-BF4B-00C04F79EFBC}") = "2020.08.09_03.PlantDiscovery", "2020.08.09_03.PlantDiscovery\2020.08.09_03.PlantDiscovery.csproj", "{2EDA74CF-6F77-4863-BD7A-97077C71E7F8}"
EndProject
Project("{FAE04EC0-301F-11D3-BF4B-00C04F79EFBC}") = "2020.08.15_01.TheImitationGame", "2020.08.15_01.TheImitationGame\2020.08.15_01.TheImitationGame.csproj", "{9FFE6F8F-A65E-4382-B8CF-4BF4275B4C80}"
EndProject
Project("{FAE04EC0-301F-11D3-BF4B-00C04F79EFBC}") = "2020.08.15_02.AdAstra", "2020.08.15_02.AdAstra\2020.08.15_02.AdAstra.csproj", "{9038097C-7D92-4436-B230-D219D2E4C3A3}"
EndProject
Global
	GlobalSection(SolutionConfigurationPlatforms) = preSolution
		Debug|Any CPU = Debug|Any CPU
		Release|Any CPU = Release|Any CPU
	EndGlobalSection
	GlobalSection(ProjectConfigurationPlatforms) = postSolution
		{A2E35FC2-8BAD-4CDB-94A8-211333D1EC91}.Debug|Any CPU.ActiveCfg = Debug|Any CPU
		{A2E35FC2-8BAD-4CDB-94A8-211333D1EC91}.Debug|Any CPU.Build.0 = Debug|Any CPU
		{A2E35FC2-8BAD-4CDB-94A8-211333D1EC91}.Release|Any CPU.ActiveCfg = Release|Any CPU
		{A2E35FC2-8BAD-4CDB-94A8-211333D1EC91}.Release|Any CPU.Build.0 = Release|Any CPU
		{C95EB541-DEB6-4CB9-BD87-BAEC92ADFFC1}.Debug|Any CPU.ActiveCfg = Debug|Any CPU
		{C95EB541-DEB6-4CB9-BD87-BAEC92ADFFC1}.Debug|Any CPU.Build.0 = Debug|Any CPU
		{C95EB541-DEB6-4CB9-BD87-BAEC92ADFFC1}.Release|Any CPU.ActiveCfg = Release|Any CPU
		{C95EB541-DEB6-4CB9-BD87-BAEC92ADFFC1}.Release|Any CPU.Build.0 = Release|Any CPU
		{823842D2-4987-4FD6-BA38-3A2C08524DC8}.Debug|Any CPU.ActiveCfg = Debug|Any CPU
		{823842D2-4987-4FD6-BA38-3A2C08524DC8}.Debug|Any CPU.Build.0 = Debug|Any CPU
		{823842D2-4987-4FD6-BA38-3A2C08524DC8}.Release|Any CPU.ActiveCfg = Release|Any CPU
		{823842D2-4987-4FD6-BA38-3A2C08524DC8}.Release|Any CPU.Build.0 = Release|Any CPU
		{9FDCA6CC-4F1A-4B89-972F-FA84ED2B7AEF}.Debug|Any CPU.ActiveCfg = Debug|Any CPU
		{9FDCA6CC-4F1A-4B89-972F-FA84ED2B7AEF}.Debug|Any CPU.Build.0 = Debug|Any CPU
		{9FDCA6CC-4F1A-4B89-972F-FA84ED2B7AEF}.Release|Any CPU.ActiveCfg = Release|Any CPU
		{9FDCA6CC-4F1A-4B89-972F-FA84ED2B7AEF}.Release|Any CPU.Build.0 = Release|Any CPU
		{0E69737E-7DDC-438F-9712-4E8A8E443614}.Debug|Any CPU.ActiveCfg = Debug|Any CPU
		{0E69737E-7DDC-438F-9712-4E8A8E443614}.Debug|Any CPU.Build.0 = Debug|Any CPU
		{0E69737E-7DDC-438F-9712-4E8A8E443614}.Release|Any CPU.ActiveCfg = Release|Any CPU
		{0E69737E-7DDC-438F-9712-4E8A8E443614}.Release|Any CPU.Build.0 = Release|Any CPU
		{823ABA46-3A3D-4ACF-A9E7-7EB1CEF7B3C1}.Debug|Any CPU.ActiveCfg = Debug|Any CPU
		{823ABA46-3A3D-4ACF-A9E7-7EB1CEF7B3C1}.Debug|Any CPU.Build.0 = Debug|Any CPU
		{823ABA46-3A3D-4ACF-A9E7-7EB1CEF7B3C1}.Release|Any CPU.ActiveCfg = Release|Any CPU
		{823ABA46-3A3D-4ACF-A9E7-7EB1CEF7B3C1}.Release|Any CPU.Build.0 = Release|Any CPU
		{79F526A3-C670-4581-A5B9-C8E05B2D0117}.Debug|Any CPU.ActiveCfg = Debug|Any CPU
		{79F526A3-C670-4581-A5B9-C8E05B2D0117}.Debug|Any CPU.Build.0 = Debug|Any CPU
		{79F526A3-C670-4581-A5B9-C8E05B2D0117}.Release|Any CPU.ActiveCfg = Release|Any CPU
		{79F526A3-C670-4581-A5B9-C8E05B2D0117}.Release|Any CPU.Build.0 = Release|Any CPU
		{F6BBD36D-4FCF-450F-8296-15295B347C51}.Debug|Any CPU.ActiveCfg = Debug|Any CPU
		{F6BBD36D-4FCF-450F-8296-15295B347C51}.Debug|Any CPU.Build.0 = Debug|Any CPU
		{F6BBD36D-4FCF-450F-8296-15295B347C51}.Release|Any CPU.ActiveCfg = Release|Any CPU
		{F6BBD36D-4FCF-450F-8296-15295B347C51}.Release|Any CPU.Build.0 = Release|Any CPU
		{C82ECD19-B4A7-4B8B-9D51-3AC8B328FAF1}.Debug|Any CPU.ActiveCfg = Debug|Any CPU
		{C82ECD19-B4A7-4B8B-9D51-3AC8B328FAF1}.Debug|Any CPU.Build.0 = Debug|Any CPU
		{C82ECD19-B4A7-4B8B-9D51-3AC8B328FAF1}.Release|Any CPU.ActiveCfg = Release|Any CPU
		{C82ECD19-B4A7-4B8B-9D51-3AC8B328FAF1}.Release|Any CPU.Build.0 = Release|Any CPU
		{88070288-C2CC-4FDE-83B0-0ECB5921A511}.Debug|Any CPU.ActiveCfg = Debug|Any CPU
		{88070288-C2CC-4FDE-83B0-0ECB5921A511}.Debug|Any CPU.Build.0 = Debug|Any CPU
		{88070288-C2CC-4FDE-83B0-0ECB5921A511}.Release|Any CPU.ActiveCfg = Release|Any CPU
		{88070288-C2CC-4FDE-83B0-0ECB5921A511}.Release|Any CPU.Build.0 = Release|Any CPU
		{73AC8480-076B-4D19-B881-018D70D15DB9}.Debug|Any CPU.ActiveCfg = Debug|Any CPU
		{73AC8480-076B-4D19-B881-018D70D15DB9}.Debug|Any CPU.Build.0 = Debug|Any CPU
		{73AC8480-076B-4D19-B881-018D70D15DB9}.Release|Any CPU.ActiveCfg = Release|Any CPU
		{73AC8480-076B-4D19-B881-018D70D15DB9}.Release|Any CPU.Build.0 = Release|Any CPU
		{0CBB07A1-5419-4195-8AB3-17D4A7278CE9}.Debug|Any CPU.ActiveCfg = Debug|Any CPU
		{0CBB07A1-5419-4195-8AB3-17D4A7278CE9}.Debug|Any CPU.Build.0 = Debug|Any CPU
		{0CBB07A1-5419-4195-8AB3-17D4A7278CE9}.Release|Any CPU.ActiveCfg = Release|Any CPU
		{0CBB07A1-5419-4195-8AB3-17D4A7278CE9}.Release|Any CPU.Build.0 = Release|Any CPU
		{590EE1A9-AF37-4794-86B2-2BE8B96E937D}.Debug|Any CPU.ActiveCfg = Debug|Any CPU
		{590EE1A9-AF37-4794-86B2-2BE8B96E937D}.Debug|Any CPU.Build.0 = Debug|Any CPU
		{590EE1A9-AF37-4794-86B2-2BE8B96E937D}.Release|Any CPU.ActiveCfg = Release|Any CPU
		{590EE1A9-AF37-4794-86B2-2BE8B96E937D}.Release|Any CPU.Build.0 = Release|Any CPU
		{060AD208-5A88-40A2-808E-35C3FD746BB1}.Debug|Any CPU.ActiveCfg = Debug|Any CPU
		{060AD208-5A88-40A2-808E-35C3FD746BB1}.Debug|Any CPU.Build.0 = Debug|Any CPU
		{060AD208-5A88-40A2-808E-35C3FD746BB1}.Release|Any CPU.ActiveCfg = Release|Any CPU
		{060AD208-5A88-40A2-808E-35C3FD746BB1}.Release|Any CPU.Build.0 = Release|Any CPU
		{116DC58F-CDC8-48BF-A69C-A43F04610A3F}.Debug|Any CPU.ActiveCfg = Debug|Any CPU
		{116DC58F-CDC8-48BF-A69C-A43F04610A3F}.Debug|Any CPU.Build.0 = Debug|Any CPU
		{116DC58F-CDC8-48BF-A69C-A43F04610A3F}.Release|Any CPU.ActiveCfg = Release|Any CPU
		{116DC58F-CDC8-48BF-A69C-A43F04610A3F}.Release|Any CPU.Build.0 = Release|Any CPU
		{2EDA74CF-6F77-4863-BD7A-97077C71E7F8}.Debug|Any CPU.ActiveCfg = Debug|Any CPU
		{2EDA74CF-6F77-4863-BD7A-97077C71E7F8}.Debug|Any CPU.Build.0 = Debug|Any CPU
		{2EDA74CF-6F77-4863-BD7A-97077C71E7F8}.Release|Any CPU.ActiveCfg = Release|Any CPU
		{2EDA74CF-6F77-4863-BD7A-97077C71E7F8}.Release|Any CPU.Build.0 = Release|Any CPU
		{9FFE6F8F-A65E-4382-B8CF-4BF4275B4C80}.Debug|Any CPU.ActiveCfg = Debug|Any CPU
		{9FFE6F8F-A65E-4382-B8CF-4BF4275B4C80}.Debug|Any CPU.Build.0 = Debug|Any CPU
		{9FFE6F8F-A65E-4382-B8CF-4BF4275B4C80}.Release|Any CPU.ActiveCfg = Release|Any CPU
		{9FFE6F8F-A65E-4382-B8CF-4BF4275B4C80}.Release|Any CPU.Build.0 = Release|Any CPU
		{9038097C-7D92-4436-B230-D219D2E4C3A3}.Debug|Any CPU.ActiveCfg = Debug|Any CPU
		{9038097C-7D92-4436-B230-D219D2E4C3A3}.Debug|Any CPU.Build.0 = Debug|Any CPU
		{9038097C-7D92-4436-B230-D219D2E4C3A3}.Release|Any CPU.ActiveCfg = Release|Any CPU
		{9038097C-7D92-4436-B230-D219D2E4C3A3}.Release|Any CPU.Build.0 = Release|Any CPU
	EndGlobalSection
	GlobalSection(SolutionProperties) = preSolution
		HideSolutionNode = FALSE
	EndGlobalSection
	GlobalSection(ExtensibilityGlobals) = postSolution
		SolutionGuid = {DFC7EED9-9A56-439C-94F0-390BF642FC50}
	EndGlobalSection
EndGlobal
