
Microsoft Visual Studio Solution File, Format Version 12.00
# Visual Studio Version 16
VisualStudioVersion = 16.0.30225.117
MinimumVisualStudioVersion = 10.0.40219.1
Project("{FAE04EC0-301F-11D3-BF4B-00C04F79EFBC}") = "01.CountRealNumbers", "01.CountRealNumbers\01.CountRealNumbers.csproj", "{CABA3F04-B142-4AC2-A465-9A957C2A5E94}"
EndProject
Global
	GlobalSection(SolutionConfigurationPlatforms) = preSolution
		Debug|Any CPU = Debug|Any CPU
		Release|Any CPU = Release|Any CPU
	EndGlobalSection
	GlobalSection(ProjectConfigurationPlatforms) = postSolution
		{CABA3F04-B142-4AC2-A465-9A957C2A5E94}.Debug|Any CPU.ActiveCfg = Debug|Any CPU
		{CABA3F04-B142-4AC2-A465-9A957C2A5E94}.Debug|Any CPU.Build.0 = Debug|Any CPU
		{CABA3F04-B142-4AC2-A465-9A957C2A5E94}.Release|Any CPU.ActiveCfg = Release|Any CPU
		{CABA3F04-B142-4AC2-A465-9A957C2A5E94}.Release|Any CPU.Build.0 = Release|Any CPU
	EndGlobalSection
	GlobalSection(SolutionProperties) = preSolution
		HideSolutionNode = FALSE
	EndGlobalSection
	GlobalSection(ExtensibilityGlobals) = postSolution
		SolutionGuid = {E8E8A721-C538-40AC-A739-45CA593C341F}
	EndGlobalSection
EndGlobal
